
Microsoft Visual Studio Solution File, Format Version 12.00
# Visual Studio Version 16
VisualStudioVersion = 16.0.30114.105
MinimumVisualStudioVersion = 10.0.40219.1
Project("{8BC9CEB8-8B4A-11D0-8D11-00A0C91BC942}") = "ENE 18 Ejer 2", "ENE 18 Ejer 2\ENE 18 Ejer 2.vcxproj", "{A7B39AF6-01D4-4B74-981E-90291044DC54}"
EndProject
Global
	GlobalSection(SolutionConfigurationPlatforms) = preSolution
		Debug|x64 = Debug|x64
		Debug|x86 = Debug|x86
		Release|x64 = Release|x64
		Release|x86 = Release|x86
	EndGlobalSection
	GlobalSection(ProjectConfigurationPlatforms) = postSolution
		{A7B39AF6-01D4-4B74-981E-90291044DC54}.Debug|x64.ActiveCfg = Debug|x64
		{A7B39AF6-01D4-4B74-981E-90291044DC54}.Debug|x64.Build.0 = Debug|x64
		{A7B39AF6-01D4-4B74-981E-90291044DC54}.Debug|x86.ActiveCfg = Debug|Win32
		{A7B39AF6-01D4-4B74-981E-90291044DC54}.Debug|x86.Build.0 = Debug|Win32
		{A7B39AF6-01D4-4B74-981E-90291044DC54}.Release|x64.ActiveCfg = Release|x64
		{A7B39AF6-01D4-4B74-981E-90291044DC54}.Release|x64.Build.0 = Release|x64
		{A7B39AF6-01D4-4B74-981E-90291044DC54}.Release|x86.ActiveCfg = Release|Win32
		{A7B39AF6-01D4-4B74-981E-90291044DC54}.Release|x86.Build.0 = Release|Win32
	EndGlobalSection
	GlobalSection(SolutionProperties) = preSolution
		HideSolutionNode = FALSE
	EndGlobalSection
	GlobalSection(ExtensibilityGlobals) = postSolution
		SolutionGuid = {E4B9792C-F434-4E34-B67E-1BA9A27490A7}
	EndGlobalSection
EndGlobal
