
Microsoft Visual Studio Solution File, Format Version 12.00
# Visual Studio Version 16
VisualStudioVersion = 16.0.30114.105
MinimumVisualStudioVersion = 10.0.40219.1
Project("{8BC9CEB8-8B4A-11D0-8D11-00A0C91BC942}") = "ENE 18 Ejer 1", "ENE 18 Ejer 1\ENE 18 Ejer 1.vcxproj", "{22994635-4874-48F6-8807-DD2183448751}"
EndProject
Global
	GlobalSection(SolutionConfigurationPlatforms) = preSolution
		Debug|x64 = Debug|x64
		Debug|x86 = Debug|x86
		Release|x64 = Release|x64
		Release|x86 = Release|x86
	EndGlobalSection
	GlobalSection(ProjectConfigurationPlatforms) = postSolution
		{22994635-4874-48F6-8807-DD2183448751}.Debug|x64.ActiveCfg = Debug|x64
		{22994635-4874-48F6-8807-DD2183448751}.Debug|x64.Build.0 = Debug|x64
		{22994635-4874-48F6-8807-DD2183448751}.Debug|x86.ActiveCfg = Debug|Win32
		{22994635-4874-48F6-8807-DD2183448751}.Debug|x86.Build.0 = Debug|Win32
		{22994635-4874-48F6-8807-DD2183448751}.Release|x64.ActiveCfg = Release|x64
		{22994635-4874-48F6-8807-DD2183448751}.Release|x64.Build.0 = Release|x64
		{22994635-4874-48F6-8807-DD2183448751}.Release|x86.ActiveCfg = Release|Win32
		{22994635-4874-48F6-8807-DD2183448751}.Release|x86.Build.0 = Release|Win32
	EndGlobalSection
	GlobalSection(SolutionProperties) = preSolution
		HideSolutionNode = FALSE
	EndGlobalSection
	GlobalSection(ExtensibilityGlobals) = postSolution
		SolutionGuid = {6DD9C89B-C9D2-422F-9E96-A7D74DC7FE7C}
	EndGlobalSection
EndGlobal
