
Microsoft Visual Studio Solution File, Format Version 12.00
# Visual Studio Version 16
VisualStudioVersion = 16.0.30114.105
MinimumVisualStudioVersion = 10.0.40219.1
Project("{8BC9CEB8-8B4A-11D0-8D11-00A0C91BC942}") = "Problema22", "Problema22\Problema22.vcxproj", "{4DEED839-23F9-42DC-AD47-DF54E04B5E79}"
EndProject
Global
	GlobalSection(SolutionConfigurationPlatforms) = preSolution
		Debug|x64 = Debug|x64
		Debug|x86 = Debug|x86
		Release|x64 = Release|x64
		Release|x86 = Release|x86
	EndGlobalSection
	GlobalSection(ProjectConfigurationPlatforms) = postSolution
		{4DEED839-23F9-42DC-AD47-DF54E04B5E79}.Debug|x64.ActiveCfg = Debug|x64
		{4DEED839-23F9-42DC-AD47-DF54E04B5E79}.Debug|x64.Build.0 = Debug|x64
		{4DEED839-23F9-42DC-AD47-DF54E04B5E79}.Debug|x86.ActiveCfg = Debug|Win32
		{4DEED839-23F9-42DC-AD47-DF54E04B5E79}.Debug|x86.Build.0 = Debug|Win32
		{4DEED839-23F9-42DC-AD47-DF54E04B5E79}.Release|x64.ActiveCfg = Release|x64
		{4DEED839-23F9-42DC-AD47-DF54E04B5E79}.Release|x64.Build.0 = Release|x64
		{4DEED839-23F9-42DC-AD47-DF54E04B5E79}.Release|x86.ActiveCfg = Release|Win32
		{4DEED839-23F9-42DC-AD47-DF54E04B5E79}.Release|x86.Build.0 = Release|Win32
	EndGlobalSection
	GlobalSection(SolutionProperties) = preSolution
		HideSolutionNode = FALSE
	EndGlobalSection
	GlobalSection(ExtensibilityGlobals) = postSolution
		SolutionGuid = {90AD2900-847D-425C-81CC-D6F42C8CF0E0}
	EndGlobalSection
EndGlobal
